Microsoft Visual Studio Solution File, Format Version 12.00
# Visual Studio Version 17
VisualStudioVersion = 17.5.2.0
MinimumVisualStudioVersion = 10.0.40219.1
Project("{FAE04EC0-301F-11D3-BF4B-00C04F79EFBC}") = "ParkingApp", "ParkingApp\ParkingApp.csproj", "{EE14E084-BE2D-4D54-8628-7867630F1031}"
EndProject
Global
	GlobalSection(SolutionConfigurationPlatforms) = preSolution
		Debug|Any CPU = Debug|Any CPU
		Release|Any CPU = Release|Any CPU
	EndGlobalSection
	GlobalSection(ProjectConfigurationPlatforms) = postSolution
		{EE14E084-BE2D-4D54-8628-7867630F1031}.Debug|Any CPU.ActiveCfg = Debug|Any CPU
		{EE14E084-BE2D-4D54-8628-7867630F1031}.Debug|Any CPU.Build.0 = Debug|Any CPU
		{EE14E084-BE2D-4D54-8628-7867630F1031}.Release|Any CPU.ActiveCfg = Release|Any CPU
		{EE14E084-BE2D-4D54-8628-7867630F1031}.Release|Any CPU.Build.0 = Release|Any CPU
	EndGlobalSection
	GlobalSection(SolutionProperties) = preSolution
		HideSolutionNode = FALSE
	EndGlobalSection
	GlobalSection(ExtensibilityGlobals) = postSolution
		SolutionGuid = {DE444BED-CB7B-41A5-9727-094A60060B0A}
	EndGlobalSection
EndGlobal
